dependencies:
  espressif/esp32-camera:
    component_hash: f0a608b109935a5389221eee5090ec61f51b0df1a0749531fe59d33aaf263233
    dependencies:
    - name: espressif/esp_jpeg
      registry_url: https://components.espressif.com
      require: public
      version: ^1.3.1
    - name: idf
      require: private
      version: '>=5.1'
    source:
      registry_url: https://components.espressif.com/
      type: service
    version: 2.1.4
  espressif/esp_jpeg:
    component_hash: defb83669293cbf86d0fa86b475ba5517aceed04ed70db435388c151ab37b5d7
    dependencies:
    - name: idf
      require: private
      version: '>=5.0'
    source:
      registry_url: https://components.espressif.com
      type: service
    version: 1.3.1
  idf:
    source:
      type: idf
    version: 5.3.2
  micro_ros_espidf_component:
    component_hash: 25fc9acefc5c89a471de415b5757386e72539e39d00535d7ec3429a610ecddc4
    dependencies:
    - name: espressif/esp_wifi_remote
      rules:
      - if: target in [esp32p4]
      version: '>=0.10,<2.0'
    - name: espressif/esp_hosted
      rules:
      - if: target in [esp32p4]
      version: ~2
    source:
      git: https://github.com/micro-ROS/micro_ros_espidf_component.git
      path: .
      type: git
    version: 160b1037b4edea59aca1f1e9f31b1d481742dabf
direct_dependencies:
- espressif/esp32-camera
- idf
- micro_ros_espidf_component
manifest_hash: e1b425fb628801efacd60131c9c17e9f64d83ad4703217f7d4c126dd5a281b1f
target: esp32
version: 2.0.0
